
Microsoft Visual Studio Solution File, Format Version 12.00
# Visual Studio Version 17
VisualStudioVersion = 17.5.33502.453
MinimumVisualStudioVersion = 10.0.40219.1
Project("{FAE04EC0-301F-11D3-BF4B-00C04F79EFBC}") = "NorthWind.MVC", "NorthWind.MVC\NorthWind.MVC.csproj", "{7AE25002-94E6-437B-BE07-2C4F51AD6068}"
EndProject
Project("{FAE04EC0-301F-11D3-BF4B-00C04F79EFBC}") = "Northwind.Data", "Northwind.Data\Northwind.Data.csproj", "{1C7DD597-9CA4-40F4-8CE2-67CA83A86BD6}"
EndProject
Project("{FAE04EC0-301F-11D3-BF4B-00C04F79EFBC}") = "Northwind.Business", "Northwind.Business\Northwind.Business.csproj", "{0C17C40D-3DE1-4DE8-ABB1-00BE3CECEF1F}"
EndProject
Global
	GlobalSection(SolutionConfigurationPlatforms) = preSolution
		Debug|Any CPU = Debug|Any CPU
		Release|Any CPU = Release|Any CPU
	EndGlobalSection
	GlobalSection(ProjectConfigurationPlatforms) = postSolution
		{7AE25002-94E6-437B-BE07-2C4F51AD6068}.Debug|Any CPU.ActiveCfg = Debug|Any CPU
		{7AE25002-94E6-437B-BE07-2C4F51AD6068}.Debug|Any CPU.Build.0 = Debug|Any CPU
		{7AE25002-94E6-437B-BE07-2C4F51AD6068}.Release|Any CPU.ActiveCfg = Release|Any CPU
		{7AE25002-94E6-437B-BE07-2C4F51AD6068}.Release|Any CPU.Build.0 = Release|Any CPU
		{1C7DD597-9CA4-40F4-8CE2-67CA83A86BD6}.Debug|Any CPU.ActiveCfg = Debug|Any CPU
		{1C7DD597-9CA4-40F4-8CE2-67CA83A86BD6}.Debug|Any CPU.Build.0 = Debug|Any CPU
		{1C7DD597-9CA4-40F4-8CE2-67CA83A86BD6}.Release|Any CPU.ActiveCfg = Release|Any CPU
		{1C7DD597-9CA4-40F4-8CE2-67CA83A86BD6}.Release|Any CPU.Build.0 = Release|Any CPU
		{0C17C40D-3DE1-4DE8-ABB1-00BE3CECEF1F}.Debug|Any CPU.ActiveCfg = Debug|Any CPU
		{0C17C40D-3DE1-4DE8-ABB1-00BE3CECEF1F}.Debug|Any CPU.Build.0 = Debug|Any CPU
		{0C17C40D-3DE1-4DE8-ABB1-00BE3CECEF1F}.Release|Any CPU.ActiveCfg = Release|Any CPU
		{0C17C40D-3DE1-4DE8-ABB1-00BE3CECEF1F}.Release|Any CPU.Build.0 = Release|Any CPU
	EndGlobalSection
	GlobalSection(SolutionProperties) = preSolution
		HideSolutionNode = FALSE
	EndGlobalSection
	GlobalSection(ExtensibilityGlobals) = postSolution
		SolutionGuid = {0E50543F-BFAC-4ADC-B639-EA406FDD172F}
	EndGlobalSection
EndGlobal
